
Microsoft Visual Studio Solution File, Format Version 11.00
# Visual Studio Version 17

Project("{8BC9CEB8-8B4A-11D0-8D11-00A0C91BC942}") = "NorthGrind - Standalone Plugin", "NorthGrind_StandalonePlugin.vcxproj", "{F62B0505-AA43-E223-B4EB-B990DF66B365}"
	ProjectSection(ProjectDependencies) = postProject
		{B005EF3C-71ED-5328-0D75-0885D140233B} = {B005EF3C-71ED-5328-0D75-0885D140233B}
	EndProjectSection
EndProject
Project("{8BC9CEB8-8B4A-11D0-8D11-00A0C91BC942}") = "NorthGrind - VST3", "NorthGrind_VST3.vcxproj", "{9859150B-DA85-9EDD-A48A-2E39DB5E8485}"
	ProjectSection(ProjectDependencies) = postProject
		{B005EF3C-71ED-5328-0D75-0885D140233B} = {B005EF3C-71ED-5328-0D75-0885D140233B}
		{0A0EBB0D-62F1-AAC8-1901-1E3E7ADF6C66} = {0A0EBB0D-62F1-AAC8-1901-1E3E7ADF6C66}
	EndProjectSection
EndProject
Project("{8BC9CEB8-8B4A-11D0-8D11-00A0C91BC942}") = "NorthGrind - Shared Code", "NorthGrind_SharedCode.vcxproj", "{B005EF3C-71ED-5328-0D75-0885D140233B}"
EndProject
Project("{8BC9CEB8-8B4A-11D0-8D11-00A0C91BC942}") = "NorthGrind - VST3 Manifest Helper", "NorthGrind_VST3ManifestHelper.vcxproj", "{0A0EBB0D-62F1-AAC8-1901-1E3E7ADF6C66}"
EndProject
Global
	GlobalSection(SolutionConfigurationPlatforms) = preSolution
		Debug|x64 = Debug|x64
		Release|x64 = Release|x64
	EndGlobalSection
	GlobalSection(ProjectConfigurationPlatforms) = postSolution
		{9859150B-DA85-9EDD-A48A-2E39DB5E8485}.Debug|x64.ActiveCfg = Debug|x64
		{9859150B-DA85-9EDD-A48A-2E39DB5E8485}.Debug|x64.Build.0 = Debug|x64
		{9859150B-DA85-9EDD-A48A-2E39DB5E8485}.Release|x64.ActiveCfg = Release|x64
		{9859150B-DA85-9EDD-A48A-2E39DB5E8485}.Release|x64.Build.0 = Release|x64
		{F62B0505-AA43-E223-B4EB-B990DF66B365}.Debug|x64.ActiveCfg = Debug|x64
		{F62B0505-AA43-E223-B4EB-B990DF66B365}.Debug|x64.Build.0 = Debug|x64
		{F62B0505-AA43-E223-B4EB-B990DF66B365}.Release|x64.ActiveCfg = Release|x64
		{F62B0505-AA43-E223-B4EB-B990DF66B365}.Release|x64.Build.0 = Release|x64
		{B005EF3C-71ED-5328-0D75-0885D140233B}.Debug|x64.ActiveCfg = Debug|x64
		{B005EF3C-71ED-5328-0D75-0885D140233B}.Debug|x64.Build.0 = Debug|x64
		{B005EF3C-71ED-5328-0D75-0885D140233B}.Release|x64.ActiveCfg = Release|x64
		{B005EF3C-71ED-5328-0D75-0885D140233B}.Release|x64.Build.0 = Release|x64
		{0A0EBB0D-62F1-AAC8-1901-1E3E7ADF6C66}.Debug|x64.ActiveCfg = Debug|x64
		{0A0EBB0D-62F1-AAC8-1901-1E3E7ADF6C66}.Debug|x64.Build.0 = Debug|x64
		{0A0EBB0D-62F1-AAC8-1901-1E3E7ADF6C66}.Release|x64.ActiveCfg = Release|x64
		{0A0EBB0D-62F1-AAC8-1901-1E3E7ADF6C66}.Release|x64.Build.0 = Release|x64
	EndGlobalSection
	GlobalSection(SolutionProperties) = preSolution
		HideSolutionNode = FALSE
	EndGlobalSection
EndGlobal
